
Microsoft Visual Studio Solution File, Format Version 12.00
# Visual Studio Version 16
VisualStudioVersion = 16.0.31729.503
MinimumVisualStudioVersion = 10.0.40219.1
Project("{9A19103F-16F7-4668-BE54-9A1E7A4F7556}") = "WellBeingBackendAPI", "WellBeing-Backend-API\WellBeingBackendAPI.csproj", "{6E5E6697-ADF7-4E17-A6ED-621E3D085875}"
EndProject
Project("{9A19103F-16F7-4668-BE54-9A1E7A4F7556}") = "Common.Dto", "Common.Dto\Common.Dto.csproj", "{9A5972B0-61BC-458E-B57B-46083A954713}"
EndProject
Project("{9A19103F-16F7-4668-BE54-9A1E7A4F7556}") = "Common.Dao", "Common.Dao\Common.Dao.csproj", "{7CCF9F2B-E587-4DBE-B5A8-A78948EFDCD2}"
EndProject
Global
	GlobalSection(SolutionConfigurationPlatforms) = preSolution
		Debug|Any CPU = Debug|Any CPU
		Release|Any CPU = Release|Any CPU
	EndGlobalSection
	GlobalSection(ProjectConfigurationPlatforms) = postSolution
		{6E5E6697-ADF7-4E17-A6ED-621E3D085875}.Debug|Any CPU.ActiveCfg = Debug|Any CPU
		{6E5E6697-ADF7-4E17-A6ED-621E3D085875}.Debug|Any CPU.Build.0 = Debug|Any CPU
		{6E5E6697-ADF7-4E17-A6ED-621E3D085875}.Release|Any CPU.ActiveCfg = Release|Any CPU
		{6E5E6697-ADF7-4E17-A6ED-621E3D085875}.Release|Any CPU.Build.0 = Release|Any CPU
		{9A5972B0-61BC-458E-B57B-46083A954713}.Debug|Any CPU.ActiveCfg = Debug|Any CPU
		{9A5972B0-61BC-458E-B57B-46083A954713}.Debug|Any CPU.Build.0 = Debug|Any CPU
		{9A5972B0-61BC-458E-B57B-46083A954713}.Release|Any CPU.ActiveCfg = Release|Any CPU
		{9A5972B0-61BC-458E-B57B-46083A954713}.Release|Any CPU.Build.0 = Release|Any CPU
		{7CCF9F2B-E587-4DBE-B5A8-A78948EFDCD2}.Debug|Any CPU.ActiveCfg = Debug|Any CPU
		{7CCF9F2B-E587-4DBE-B5A8-A78948EFDCD2}.Debug|Any CPU.Build.0 = Debug|Any CPU
		{7CCF9F2B-E587-4DBE-B5A8-A78948EFDCD2}.Release|Any CPU.ActiveCfg = Release|Any CPU
		{7CCF9F2B-E587-4DBE-B5A8-A78948EFDCD2}.Release|Any CPU.Build.0 = Release|Any CPU
	EndGlobalSection
	GlobalSection(SolutionProperties) = preSolution
		HideSolutionNode = FALSE
	EndGlobalSection
	GlobalSection(ExtensibilityGlobals) = postSolution
		SolutionGuid = {E22598D3-9AFC-4A91-94FC-26AC554080C7}
	EndGlobalSection
EndGlobal
