
Microsoft Visual Studio Solution File, Format Version 12.00
# Visual Studio Version 16
VisualStudioVersion = 16.0.31729.503
MinimumVisualStudioVersion = 10.0.40219.1
Project("{9A19103F-16F7-4668-BE54-9A1E7A4F7556}") = "WellBeing-Backend-API", "WellBeing-Backend-API\WellBeing-Backend-API.csproj", "{6E5E6697-ADF7-4E17-A6ED-621E3D085875}"
EndProject
Global
	GlobalSection(SolutionConfigurationPlatforms) = preSolution
		Debug|Any CPU = Debug|Any CPU
		Release|Any CPU = Release|Any CPU
	EndGlobalSection
	GlobalSection(ProjectConfigurationPlatforms) = postSolution
		{6E5E6697-ADF7-4E17-A6ED-621E3D085875}.Debug|Any CPU.ActiveCfg = Debug|Any CPU
		{6E5E6697-ADF7-4E17-A6ED-621E3D085875}.Debug|Any CPU.Build.0 = Debug|Any CPU
		{6E5E6697-ADF7-4E17-A6ED-621E3D085875}.Release|Any CPU.ActiveCfg = Release|Any CPU
		{6E5E6697-ADF7-4E17-A6ED-621E3D085875}.Release|Any CPU.Build.0 = Release|Any CPU
	EndGlobalSection
	GlobalSection(SolutionProperties) = preSolution
		HideSolutionNode = FALSE
	EndGlobalSection
	GlobalSection(ExtensibilityGlobals) = postSolution
		SolutionGuid = {E22598D3-9AFC-4A91-94FC-26AC554080C7}
	EndGlobalSection
EndGlobal
